Microsoft Visual Studio Solution File, Format Version 12.00
# Visual Studio Version 17
VisualStudioVersion = 17.5.2.0
MinimumVisualStudioVersion = 10.0.40219.1
Project("{2150E333-8FDC-42A3-9474-1A3956D46DE8}") = "Week 2", "Week 2", "{DF7F1264-95FC-D999-647A-A6643D0A2A03}"
EndProject
Project("{2150E333-8FDC-42A3-9474-1A3956D46DE8}") = "Week 2 Exercises", "Week 2 Exercises", "{CA987636-2CC7-191A-5880-690B1CE4C3D7}"
EndProject
Project("{2150E333-8FDC-42A3-9474-1A3956D46DE8}") = "Exercise 2", "Exercise 2", "{CE1E024D-1050-81BC-909C-E7317BD6D78B}"
EndProject
Project("{FAE04EC0-301F-11D3-BF4B-00C04F79EFBC}") = "DiceRoller", "Week 2\Week 2 Exercises\Exercise 2\DiceRoller\DiceRoller.csproj", "{14A4105C-C3A2-E98A-B7FE-15F80E722D20}"
EndProject
Global
	GlobalSection(SolutionConfigurationPlatforms) = preSolution
		Debug|Any CPU = Debug|Any CPU
		Release|Any CPU = Release|Any CPU
	EndGlobalSection
	GlobalSection(ProjectConfigurationPlatforms) = postSolution
		{14A4105C-C3A2-E98A-B7FE-15F80E722D20}.Debug|Any CPU.ActiveCfg = Debug|Any CPU
		{14A4105C-C3A2-E98A-B7FE-15F80E722D20}.Debug|Any CPU.Build.0 = Debug|Any CPU
		{14A4105C-C3A2-E98A-B7FE-15F80E722D20}.Release|Any CPU.ActiveCfg = Release|Any CPU
		{14A4105C-C3A2-E98A-B7FE-15F80E722D20}.Release|Any CPU.Build.0 = Release|Any CPU
	EndGlobalSection
	GlobalSection(SolutionProperties) = preSolution
		HideSolutionNode = FALSE
	EndGlobalSection
	GlobalSection(NestedProjects) = preSolution
		{CA987636-2CC7-191A-5880-690B1CE4C3D7} = {DF7F1264-95FC-D999-647A-A6643D0A2A03}
		{CE1E024D-1050-81BC-909C-E7317BD6D78B} = {CA987636-2CC7-191A-5880-690B1CE4C3D7}
		{14A4105C-C3A2-E98A-B7FE-15F80E722D20} = {CE1E024D-1050-81BC-909C-E7317BD6D78B}
	EndGlobalSection
	GlobalSection(ExtensibilityGlobals) = postSolution
		SolutionGuid = {A39CDEE4-42CA-4373-9A3E-38442021409D}
	EndGlobalSection
EndGlobal
